PODS:
  - Alamofire (4.8.0)
  - ObjectBox (0.6.0)
  - SearchTextField (1.2.2)

DEPENDENCIES:
  - Alamofire (~> 4.7)
  - ObjectBox
  - SearchTextField

SPEC REPOS:
  https://github.com/cocoapods/specs.git:
    - Alamofire
    - ObjectBox
    - SearchTextField

SPEC CHECKSUMS:
  Alamofire: 3ec537f71edc9804815215393ae2b1a8ea33a844
  ObjectBox: dbd8622c8315e0801faac488977e2f7c7d10532d
  SearchTextField: a0992739d4b05dcbb40fb3a5cc6526bd991bdd23

PODFILE CHECKSUM: a63bffa47dacff9a8a2107a4330eb8e00c93aa6f

COCOAPODS: 1.5.3
