// !$*UTF8*$!
{
	archiveVersion = 1;
	classes = {
	};
	objectVersion = 50;
	objects = {

/* Begin PBXBuildFile section */
		85DA02BA1EF848553A3DCC0B /* Pods_WoWilvlChecker.framework in Frameworks */ = {isa = PBXBuildFile; fileRef = 3A176304B93302B675A06566 /* Pods_WoWilvlChecker.framework */; };
		AF1493A520D64A4E001EA714 /* CharacterModel.swift in Sources */ = {isa = PBXBuildFile; fileRef = AF1493A420D64A4E001EA714 /* CharacterModel.swift */; };
		AF402B7F20D1595700DD18D7 /* CharacterModelTalents.swift in Sources */ = {isa = PBXBuildFile; fileRef = AF402B7E20D1595700DD18D7 /* CharacterModelTalents.swift */; };
		AF402B8120D15ADC00DD18D7 /* CharacterModelAudit.swift in Sources */ = {isa = PBXBuildFile; fileRef = AF402B8020D15ADC00DD18D7 /* CharacterModelAudit.swift */; };
		AF584EC020DCCA7D00AD1FA2 /* SwipeTableViewController.swift in Sources */ = {isa = PBXBuildFile; fileRef = AF584EBF20DCCA7C00AD1FA2 /* SwipeTableViewController.swift */; };
		AF584EC220DE21B200AD1FA2 /* CharacterTableViewCell.swift in Sources */ = {isa = PBXBuildFile; fileRef = AF584EC120DE21B200AD1FA2 /* CharacterTableViewCell.swift */; };
		AF8318D120C50DE700539567 /* AppDelegate.swift in Sources */ = {isa = PBXBuildFile; fileRef = AF8318D020C50DE700539567 /* AppDelegate.swift */; };
		AF8318D320C50DE700539567 /* ViewController.swift in Sources */ = {isa = PBXBuildFile; fileRef = AF8318D220C50DE700539567 /* ViewController.swift */; };
		AF8318D620C50DE700539567 /* Main.storyboard in Resources */ = {isa = PBXBuildFile; fileRef = AF8318D420C50DE700539567 /* Main.storyboard */; };
		AF8318D820C50DEA00539567 /* Assets.xcassets in Resources */ = {isa = PBXBuildFile; fileRef = AF8318D720C50DEA00539567 /* Assets.xcassets */; };
		AF8318DB20C50DEA00539567 /* LaunchScreen.storyboard in Resources */ = {isa = PBXBuildFile; fileRef = AF8318D920C50DEA00539567 /* LaunchScreen.storyboard */; };
		AF8318E320C5189300539567 /* CharacterModelItems.swift in Sources */ = {isa = PBXBuildFile; fileRef = AF8318E220C5189300539567 /* CharacterModelItems.swift */; };
		AFD33A8B20C6623300D5D6EC /* DataModel.swift in Sources */ = {isa = PBXBuildFile; fileRef = AFD33A8A20C6623300D5D6EC /* DataModel.swift */; };
		AFD33A8D20C6624D00D5D6EC /* CharacterFunctions.swift in Sources */ = {isa = PBXBuildFile; fileRef = AFD33A8C20C6624D00D5D6EC /* CharacterFunctions.swift */; };
		AFFA835020E0C6FF00922717 /* CharacterModelTemp.swift in Sources */ = {isa = PBXBuildFile; fileRef = AFFA834F20E0C6FF00922717 /* CharacterModelTemp.swift */; };
/* End PBXBuildFile section */

/* Begin PBXFileReference section */
		3A176304B93302B675A06566 /* Pods_WoWilvlChecker.framework */ = {isa = PBXFileReference; explicitFileType = wrapper.framework; includeInIndex = 0; path = Pods_WoWilvlChecker.framework; sourceTree = BUILT_PRODUCTS_DIR; };
		9FE5FF33D4902682D092887E /* Pods-WoWilvlChecker.debug.xcconfig */ = {isa = PBXFileReference; includeInIndex = 1; lastKnownFileType = text.xcconfig; name = "Pods-WoWilvlChecker.debug.xcconfig"; path = "Pods/Target Support Files/Pods-WoWilvlChecker/Pods-WoWilvlChecker.debug.xcconfig"; sourceTree = "<group>"; };
		AF1493A420D64A4E001EA714 /* CharacterModel.swift */ = {isa = PBXFileReference; lastKnownFileType = sourcecode.swift; path = CharacterModel.swift; sourceTree = "<group>"; };
		AF402B7E20D1595700DD18D7 /* CharacterModelTalents.swift */ = {isa = PBXFileReference; lastKnownFileType = sourcecode.swift; path = CharacterModelTalents.swift; sourceTree = "<group>"; };
		AF402B8020D15ADC00DD18D7 /* CharacterModelAudit.swift */ = {isa = PBXFileReference; lastKnownFileType = sourcecode.swift; path = CharacterModelAudit.swift; sourceTree = "<group>"; };
		AF584EBF20DCCA7C00AD1FA2 /* SwipeTableViewController.swift */ = {isa = PBXFileReference; fileEncoding = 4; lastKnownFileType = sourcecode.swift; path = SwipeTableViewController.swift; sourceTree = "<group>"; };
		AF584EC120DE21B200AD1FA2 /* CharacterTableViewCell.swift */ = {isa = PBXFileReference; lastKnownFileType = sourcecode.swift; path = CharacterTableViewCell.swift; sourceTree = "<group>"; };
		AF8318CD20C50DE700539567 /* WoWilvlChecker.app */ = {isa = PBXFileReference; explicitFileType = wrapper.application; includeInIndex = 0; path = WoWilvlChecker.app; sourceTree = BUILT_PRODUCTS_DIR; };
		AF8318D020C50DE700539567 /* AppDelegate.swift */ = {isa = PBXFileReference; lastKnownFileType = sourcecode.swift; path = AppDelegate.swift; sourceTree = "<group>"; };
		AF8318D220C50DE700539567 /* ViewController.swift */ = {isa = PBXFileReference; lastKnownFileType = sourcecode.swift; path = ViewController.swift; sourceTree = "<group>"; };
		AF8318D520C50DE700539567 /* Base */ = {isa = PBXFileReference; lastKnownFileType = file.storyboard; name = Base; path = Base.lproj/Main.storyboard; sourceTree = "<group>"; };
		AF8318D720C50DEA00539567 /* Assets.xcassets */ = {isa = PBXFileReference; lastKnownFileType = folder.assetcatalog; path = Assets.xcassets; sourceTree = "<group>"; };
		AF8318DA20C50DEA00539567 /* Base */ = {isa = PBXFileReference; lastKnownFileType = file.storyboard; name = Base; path = Base.lproj/LaunchScreen.storyboard; sourceTree = "<group>"; };
		AF8318DC20C50DEA00539567 /* Info.plist */ = {isa = PBXFileReference; lastKnownFileType = text.plist.xml; path = Info.plist; sourceTree = "<group>"; };
		AF8318E220C5189300539567 /* CharacterModelItems.swift */ = {isa = PBXFileReference; lastKnownFileType = sourcecode.swift; path = CharacterModelItems.swift; sourceTree = "<group>"; };
		AFD33A8A20C6623300D5D6EC /* DataModel.swift */ = {isa = PBXFileReference; lastKnownFileType = sourcecode.swift; path = DataModel.swift; sourceTree = "<group>"; };
		AFD33A8C20C6624D00D5D6EC /* CharacterFunctions.swift */ = {isa = PBXFileReference; lastKnownFileType = sourcecode.swift; path = CharacterFunctions.swift; sourceTree = "<group>"; };
		AFFA834F20E0C6FF00922717 /* CharacterModelTemp.swift */ = {isa = PBXFileReference; lastKnownFileType = sourcecode.swift; path = CharacterModelTemp.swift; sourceTree = "<group>"; };
		FCD8B1F3E3E466D1AFADD234 /* Pods-WoWilvlChecker.release.xcconfig */ = {isa = PBXFileReference; includeInIndex = 1; lastKnownFileType = text.xcconfig; name = "Pods-WoWilvlChecker.release.xcconfig"; path = "Pods/Target Support Files/Pods-WoWilvlChecker/Pods-WoWilvlChecker.release.xcconfig"; sourceTree = "<group>"; };
/* End PBXFileReference section */

/* Begin PBXFrameworksBuildPhase section */
		AF8318CA20C50DE700539567 /* Frameworks */ = {
			isa = PBXFrameworksBuildPhase;
			buildActionMask = 2147483647;
			files = (
				85DA02BA1EF848553A3DCC0B /* Pods_WoWilvlChecker.framework in Frameworks */,
			);
			runOnlyForDeploymentPostprocessing = 0;
		};
/* End PBXFrameworksBuildPhase section */

/* Begin PBXGroup section */
		24D47F9B0AD3A2AFA86FD3D7 /* Pods */ = {
			isa = PBXGroup;
			children = (
				9FE5FF33D4902682D092887E /* Pods-WoWilvlChecker.debug.xcconfig */,
				FCD8B1F3E3E466D1AFADD234 /* Pods-WoWilvlChecker.release.xcconfig */,
			);
			name = Pods;
			sourceTree = "<group>";
		};
		9AEFF0DAAF347447433B6FD5 /* Frameworks */ = {
			isa = PBXGroup;
			children = (
				3A176304B93302B675A06566 /* Pods_WoWilvlChecker.framework */,
			);
			name = Frameworks;
			sourceTree = "<group>";
		};
		AF8318C420C50DE700539567 = {
			isa = PBXGroup;
			children = (
				AF8318CF20C50DE700539567 /* WoWilvlChecker */,
				AF8318CE20C50DE700539567 /* Products */,
				24D47F9B0AD3A2AFA86FD3D7 /* Pods */,
				9AEFF0DAAF347447433B6FD5 /* Frameworks */,
			);
			sourceTree = "<group>";
		};
		AF8318CE20C50DE700539567 /* Products */ = {
			isa = PBXGroup;
			children = (
				AF8318CD20C50DE700539567 /* WoWilvlChecker.app */,
			);
			name = Products;
			sourceTree = "<group>";
		};
		AF8318CF20C50DE700539567 /* WoWilvlChecker */ = {
			isa = PBXGroup;
			children = (
				AF8318D020C50DE700539567 /* AppDelegate.swift */,
				AFD33A8E20C6625900D5D6EC /* Model */,
				AFD33A9020C6628A00D5D6EC /* Views */,
				AFD33A9120C66CF500D5D6EC /* Supporting Files */,
				AF8318DC20C50DEA00539567 /* Info.plist */,
			);
			path = WoWilvlChecker;
			sourceTree = "<group>";
		};
		AFD33A8E20C6625900D5D6EC /* Model */ = {
			isa = PBXGroup;
			children = (
				AFD33A8A20C6623300D5D6EC /* DataModel.swift */,
				AFD33A8F20C6627000D5D6EC /* Character */,
			);
			path = Model;
			sourceTree = "<group>";
		};
		AFD33A8F20C6627000D5D6EC /* Character */ = {
			isa = PBXGroup;
			children = (
				AF1493A420D64A4E001EA714 /* CharacterModel.swift */,
				AF8318E220C5189300539567 /* CharacterModelItems.swift */,
				AF402B7E20D1595700DD18D7 /* CharacterModelTalents.swift */,
				AF402B8020D15ADC00DD18D7 /* CharacterModelAudit.swift */,
				AFD33A8C20C6624D00D5D6EC /* CharacterFunctions.swift */,
				AFFA834F20E0C6FF00922717 /* CharacterModelTemp.swift */,
			);
			path = Character;
			sourceTree = "<group>";
		};
		AFD33A9020C6628A00D5D6EC /* Views */ = {
			isa = PBXGroup;
			children = (
				AF584EBF20DCCA7C00AD1FA2 /* SwipeTableViewController.swift */,
				AF8318D220C50DE700539567 /* ViewController.swift */,
				AF8318D420C50DE700539567 /* Main.storyboard */,
				AF584EC120DE21B200AD1FA2 /* CharacterTableViewCell.swift */,
			);
			path = Views;
			sourceTree = "<group>";
		};
		AFD33A9120C66CF500D5D6EC /* Supporting Files */ = {
			isa = PBXGroup;
			children = (
				AF8318D720C50DEA00539567 /* Assets.xcassets */,
				AF8318D920C50DEA00539567 /* LaunchScreen.storyboard */,
			);
			path = "Supporting Files";
			sourceTree = "<group>";
		};
/* End PBXGroup section */

/* Begin PBXNativeTarget section */
		AF8318CC20C50DE700539567 /* WoWilvlChecker */ = {
			isa = PBXNativeTarget;
			buildConfigurationList = AF8318DF20C50DEA00539567 /* Build configuration list for PBXNativeTarget "WoWilvlChecker" */;
			buildPhases = (
				03CC90C2ADE7D689E5C60ECB /* [CP] Check Pods Manifest.lock */,
				AF8318C920C50DE700539567 /* Sources */,
				AF8318CA20C50DE700539567 /* Frameworks */,
				AF8318CB20C50DE700539567 /* Resources */,
				2FB6927B74B379BF00984E72 /* [CP] Embed Pods Frameworks */,
			);
			buildRules = (
			);
			dependencies = (
			);
			name = WoWilvlChecker;
			productName = WoWilvlChecker;
			productReference = AF8318CD20C50DE700539567 /* WoWilvlChecker.app */;
			productType = "com.apple.product-type.application";
		};
/* End PBXNativeTarget section */

/* Begin PBXProject section */
		AF8318C520C50DE700539567 /* Project object */ = {
			isa = PBXProject;
			attributes = {
				LastSwiftUpdateCheck = 0930;
				LastUpgradeCheck = 0930;
				ORGANIZATIONNAME = Aecasorg;
				TargetAttributes = {
					AF8318CC20C50DE700539567 = {
						CreatedOnToolsVersion = 9.3.1;
					};
				};
			};
			buildConfigurationList = AF8318C820C50DE700539567 /* Build configuration list for PBXProject "WoWilvlChecker" */;
			compatibilityVersion = "Xcode 9.3";
			developmentRegion = en;
			hasScannedForEncodings = 0;
			knownRegions = (
				en,
				Base,
			);
			mainGroup = AF8318C420C50DE700539567;
			productRefGroup = AF8318CE20C50DE700539567 /* Products */;
			projectDirPath = "";
			projectRoot = "";
			targets = (
				AF8318CC20C50DE700539567 /* WoWilvlChecker */,
			);
		};
/* End PBXProject section */

/* Begin PBXResourcesBuildPhase section */
		AF8318CB20C50DE700539567 /* Resources */ = {
			isa = PBXResourcesBuildPhase;
			buildActionMask = 2147483647;
			files = (
				AF8318DB20C50DEA00539567 /* LaunchScreen.storyboard in Resources */,
				AF8318D820C50DEA00539567 /* Assets.xcassets in Resources */,
				AF8318D620C50DE700539567 /* Main.storyboard in Resources */,
			);
			runOnlyForDeploymentPostprocessing = 0;
		};
/* End PBXResourcesBuildPhase section */

/* Begin PBXShellScriptBuildPhase section */
		03CC90C2ADE7D689E5C60ECB /* [CP] Check Pods Manifest.lock */ = {
			isa = PBXShellScriptBuildPhase;
			buildActionMask = 2147483647;
			files = (
			);
			inputPaths = (
				"${PODS_PODFILE_DIR_PATH}/Podfile.lock",
				"${PODS_ROOT}/Manifest.lock",
			);
			name = "[CP] Check Pods Manifest.lock";
			outputPaths = (
				"$(DERIVED_FILE_DIR)/Pods-WoWilvlChecker-checkManifestLockResult.txt",
			);
			runOnlyForDeploymentPostprocessing = 0;
			shellPath = /bin/sh;
			shellScript = "diff \"${PODS_PODFILE_DIR_PATH}/Podfile.lock\" \"${PODS_ROOT}/Manifest.lock\" > /dev/null\nif [ $? != 0 ] ; then\n    # print error to STDERR\n    echo \"error: The sandbox is not in sync with the Podfile.lock. Run 'pod install' or update your CocoaPods installation.\" >&2\n    exit 1\nfi\n# This output is used by Xcode 'outputs' to avoid re-running this script phase.\necho \"SUCCESS\" > \"${SCRIPT_OUTPUT_FILE_0}\"\n";
			showEnvVarsInLog = 0;
		};
		2FB6927B74B379BF00984E72 /* [CP] Embed Pods Frameworks */ = {
			isa = PBXShellScriptBuildPhase;
			buildActionMask = 2147483647;
			files = (
			);
			inputPaths = (
				"${SRCROOT}/Pods/Target Support Files/Pods-WoWilvlChecker/Pods-WoWilvlChecker-frameworks.sh",
				"${BUILT_PRODUCTS_DIR}/Alamofire/Alamofire.framework",
				"${BUILT_PRODUCTS_DIR}/Realm/Realm.framework",
				"${BUILT_PRODUCTS_DIR}/RealmSwift/RealmSwift.framework",
				"${BUILT_PRODUCTS_DIR}/SwipeCellKit/SwipeCellKit.framework",
			);
			name = "[CP] Embed Pods Frameworks";
			outputPaths = (
				"${TARGET_BUILD_DIR}/${FRAMEWORKS_FOLDER_PATH}/Alamofire.framework",
				"${TARGET_BUILD_DIR}/${FRAMEWORKS_FOLDER_PATH}/Realm.framework",
				"${TARGET_BUILD_DIR}/${FRAMEWORKS_FOLDER_PATH}/RealmSwift.framework",
				"${TARGET_BUILD_DIR}/${FRAMEWORKS_FOLDER_PATH}/SwipeCellKit.framework",
			);
			runOnlyForDeploymentPostprocessing = 0;
			shellPath = /bin/sh;
			shellScript = "\"${SRCROOT}/Pods/Target Support Files/Pods-WoWilvlChecker/Pods-WoWilvlChecker-frameworks.sh\"\n";
			showEnvVarsInLog = 0;
		};
/* End PBXShellScriptBuildPhase section */

/* Begin PBXSourcesBuildPhase section */
		AF8318C920C50DE700539567 /* Sources */ = {
			isa = PBXSourcesBuildPhase;
			buildActionMask = 2147483647;
			files = (
				AFD33A8D20C6624D00D5D6EC /* CharacterFunctions.swift in Sources */,
				AF402B8120D15ADC00DD18D7 /* CharacterModelAudit.swift in Sources */,
				AF8318D320C50DE700539567 /* ViewController.swift in Sources */,
				AF8318E320C5189300539567 /* CharacterModelItems.swift in Sources */,
				AF584EC020DCCA7D00AD1FA2 /* SwipeTableViewController.swift in Sources */,
				AF402B7F20D1595700DD18D7 /* CharacterModelTalents.swift in Sources */,
				AF1493A520D64A4E001EA714 /* CharacterModel.swift in Sources */,
				AFFA835020E0C6FF00922717 /* CharacterModelTemp.swift in Sources */,
				AF584EC220DE21B200AD1FA2 /* CharacterTableViewCell.swift in Sources */,
				AF8318D120C50DE700539567 /* AppDelegate.swift in Sources */,
				AFD33A8B20C6623300D5D6EC /* DataModel.swift in Sources */,
			);
			runOnlyForDeploymentPostprocessing = 0;
		};
/* End PBXSourcesBuildPhase section */

/* Begin PBXVariantGroup section */
		AF8318D420C50DE700539567 /* Main.storyboard */ = {
			isa = PBXVariantGroup;
			children = (
				AF8318D520C50DE700539567 /* Base */,
			);
			name = Main.storyboard;
			sourceTree = "<group>";
		};
		AF8318D920C50DEA00539567 /* LaunchScreen.storyboard */ = {
			isa = PBXVariantGroup;
			children = (
				AF8318DA20C50DEA00539567 /* Base */,
			);
			name = LaunchScreen.storyboard;
			sourceTree = "<group>";
		};
/* End PBXVariantGroup section */

/* Begin XCBuildConfiguration section */
		AF8318DD20C50DEA00539567 /* Debug */ = {
			isa = XCBuildConfiguration;
			buildSettings = {
				ALWAYS_SEARCH_USER_PATHS = NO;
				CLANG_ANALYZER_NONNULL = YES;
				CLANG_ANALYZER_NUMBER_OBJECT_CONVERSION = YES_AGGRESSIVE;
				CLANG_CXX_LANGUAGE_STANDARD = "gnu++14";
				CLANG_CXX_LIBRARY = "libc++";
				CLANG_ENABLE_MODULES = YES;
				CLANG_ENABLE_OBJC_ARC = YES;
				CLANG_ENABLE_OBJC_WEAK = YES;
				CLANG_WARN_BLOCK_CAPTURE_AUTORELEASING = YES;
				CLANG_WARN_BOOL_CONVERSION = YES;
				CLANG_WARN_COMMA = YES;
				CLANG_WARN_CONSTANT_CONVERSION = YES;
				CLANG_WARN_DEPRECATED_OBJC_IMPLEMENTATIONS = YES;
				CLANG_WARN_DIRECT_OBJC_ISA_USAGE = YES_ERROR;
				CLANG_WARN_DOCUMENTATION_COMMENTS = YES;
				CLANG_WARN_EMPTY_BODY = YES;
				CLANG_WARN_ENUM_CONVERSION = YES;
				CLANG_WARN_INFINITE_RECURSION = YES;
				CLANG_WARN_INT_CONVERSION = YES;
				CLANG_WARN_NON_LITERAL_NULL_CONVERSION = YES;
				CLANG_WARN_OBJC_IMPLICIT_RETAIN_SELF = YES;
				CLANG_WARN_OBJC_LITERAL_CONVERSION = YES;
				CLANG_WARN_OBJC_ROOT_CLASS = YES_ERROR;
				CLANG_WARN_RANGE_LOOP_ANALYSIS = YES;
				CLANG_WARN_STRICT_PROTOTYPES = YES;
				CLANG_WARN_SUSPICIOUS_MOVE = YES;
				CLANG_WARN_UNGUARDED_AVAILABILITY = YES_AGGRESSIVE;
				CLANG_WARN_UNREACHABLE_CODE = YES;
				CLANG_WARN__DUPLICATE_METHOD_MATCH = YES;
				CODE_SIGN_IDENTITY = "iPhone Developer";
				COPY_PHASE_STRIP = NO;
				DEBUG_INFORMATION_FORMAT = dwarf;
				ENABLE_STRICT_OBJC_MSGSEND = YES;
				ENABLE_TESTABILITY = YES;
				GCC_C_LANGUAGE_STANDARD = gnu11;
				GCC_DYNAMIC_NO_PIC = NO;
				GCC_NO_COMMON_BLOCKS = YES;
				GCC_OPTIMIZATION_LEVEL = 0;
				GCC_PREPROCESSOR_DEFINITIONS = (
					"DEBUG=1",
					"$(inherited)",
				);
				GCC_WARN_64_TO_32_BIT_CONVERSION = YES;
				GCC_WARN_ABOUT_RETURN_TYPE = YES_ERROR;
				GCC_WARN_UNDECLARED_SELECTOR = YES;
				GCC_WARN_UNINITIALIZED_AUTOS = YES_AGGRESSIVE;
				GCC_WARN_UNUSED_FUNCTION = YES;
				GCC_WARN_UNUSED_VARIABLE = YES;
				IPHONEOS_DEPLOYMENT_TARGET = 11.3;
				MTL_ENABLE_DEBUG_INFO = YES;
				ONLY_ACTIVE_ARCH = YES;
				SDKROOT = iphoneos;
				SWIFT_ACTIVE_COMPILATION_CONDITIONS = DEBUG;
				SWIFT_OPTIMIZATION_LEVEL = "-Onone";
			};
			name = Debug;
		};
		AF8318DE20C50DEA00539567 /* Release */ = {
			isa = XCBuildConfiguration;
			buildSettings = {
				ALWAYS_SEARCH_USER_PATHS = NO;
				CLANG_ANALYZER_NONNULL = YES;
				CLANG_ANALYZER_NUMBER_OBJECT_CONVERSION = YES_AGGRESSIVE;
				CLANG_CXX_LANGUAGE_STANDARD = "gnu++14";
				CLANG_CXX_LIBRARY = "libc++";
				CLANG_ENABLE_MODULES = YES;
				CLANG_ENABLE_OBJC_ARC = YES;
				CLANG_ENABLE_OBJC_WEAK = YES;
				CLANG_WARN_BLOCK_CAPTURE_AUTORELEASING = YES;
				CLANG_WARN_BOOL_CONVERSION = YES;
				CLANG_WARN_COMMA = YES;
				CLANG_WARN_CONSTANT_CONVERSION = YES;
				CLANG_WARN_DEPRECATED_OBJC_IMPLEMENTATIONS = YES;
				CLANG_WARN_DIRECT_OBJC_ISA_USAGE = YES_ERROR;
				CLANG_WARN_DOCUMENTATION_COMMENTS = YES;
				CLANG_WARN_EMPTY_BODY = YES;
				CLANG_WARN_ENUM_CONVERSION = YES;
				CLANG_WARN_INFINITE_RECURSION = YES;
				CLANG_WARN_INT_CONVERSION = YES;
				CLANG_WARN_NON_LITERAL_NULL_CONVERSION = YES;
				CLANG_WARN_OBJC_IMPLICIT_RETAIN_SELF = YES;
				CLANG_WARN_OBJC_LITERAL_CONVERSION = YES;
				CLANG_WARN_OBJC_ROOT_CLASS = YES_ERROR;
				CLANG_WARN_RANGE_LOOP_ANALYSIS = YES;
				CLANG_WARN_STRICT_PROTOTYPES = YES;
				CLANG_WARN_SUSPICIOUS_MOVE = YES;
				CLANG_WARN_UNGUARDED_AVAILABILITY = YES_AGGRESSIVE;
				CLANG_WARN_UNREACHABLE_CODE = YES;
				CLANG_WARN__DUPLICATE_METHOD_MATCH = YES;
				CODE_SIGN_IDENTITY = "iPhone Developer";
				COPY_PHASE_STRIP = NO;
				DEBUG_INFORMATION_FORMAT = "dwarf-with-dsym";
				ENABLE_NS_ASSERTIONS = NO;
				ENABLE_STRICT_OBJC_MSGSEND = YES;
				GCC_C_LANGUAGE_STANDARD = gnu11;
				GCC_NO_COMMON_BLOCKS = YES;
				GCC_WARN_64_TO_32_BIT_CONVERSION = YES;
				GCC_WARN_ABOUT_RETURN_TYPE = YES_ERROR;
				GCC_WARN_UNDECLARED_SELECTOR = YES;
				GCC_WARN_UNINITIALIZED_AUTOS = YES_AGGRESSIVE;
				GCC_WARN_UNUSED_FUNCTION = YES;
				GCC_WARN_UNUSED_VARIABLE = YES;
				IPHONEOS_DEPLOYMENT_TARGET = 11.3;
				MTL_ENABLE_DEBUG_INFO = NO;
				SDKROOT = iphoneos;
				SWIFT_COMPILATION_MODE = wholemodule;
				SWIFT_OPTIMIZATION_LEVEL = "-O";
				VALIDATE_PRODUCT = YES;
			};
			name = Release;
		};
		AF8318E020C50DEA00539567 /* Debug */ = {
			isa = XCBuildConfiguration;
			baseConfigurationReference = 9FE5FF33D4902682D092887E /* Pods-WoWilvlChecker.debug.xcconfig */;
			buildSettings = {
				ASSETCATALOG_COMPILER_APPICON_NAME = AppIcon;
				CODE_SIGN_STYLE = Automatic;
				DEVELOPMENT_TEAM = 2E8UN8K889;
				INFOPLIST_FILE = WoWilvlChecker/Info.plist;
				LD_RUNPATH_SEARCH_PATHS = (
					"$(inherited)",
					"@executable_path/Frameworks",
				);
				PRODUCT_BUNDLE_IDENTIFIER = com.aecasorg.WoWilvlChecker;
				PRODUCT_NAME = "$(TARGET_NAME)";
				SWIFT_VERSION = 4.0;
				TARGETED_DEVICE_FAMILY = "1,2";
			};
			name = Debug;
		};
		AF8318E120C50DEA00539567 /* Release */ = {
			isa = XCBuildConfiguration;
			baseConfigurationReference = FCD8B1F3E3E466D1AFADD234 /* Pods-WoWilvlChecker.release.xcconfig */;
			buildSettings = {
				ASSETCATALOG_COMPILER_APPICON_NAME = AppIcon;
				CODE_SIGN_STYLE = Automatic;
				DEVELOPMENT_TEAM = 2E8UN8K889;
				INFOPLIST_FILE = WoWilvlChecker/Info.plist;
				LD_RUNPATH_SEARCH_PATHS = (
					"$(inherited)",
					"@executable_path/Frameworks",
				);
				PRODUCT_BUNDLE_IDENTIFIER = com.aecasorg.WoWilvlChecker;
				PRODUCT_NAME = "$(TARGET_NAME)";
				SWIFT_VERSION = 4.0;
				TARGETED_DEVICE_FAMILY = "1,2";
			};
			name = Release;
		};
/* End XCBuildConfiguration section */

/* Begin XCConfigurationList section */
		AF8318C820C50DE700539567 /* Build configuration list for PBXProject "WoWilvlChecker" */ = {
			isa = XCConfigurationList;
			buildConfigurations = (
				AF8318DD20C50DEA00539567 /* Debug */,
				AF8318DE20C50DEA00539567 /* Release */,
			);
			defaultConfigurationIsVisible = 0;
			defaultConfigurationName = Release;
		};
		AF8318DF20C50DEA00539567 /* Build configuration list for PBXNativeTarget "WoWilvlChecker" */ = {
			isa = XCConfigurationList;
			buildConfigurations = (
				AF8318E020C50DEA00539567 /* Debug */,
				AF8318E120C50DEA00539567 /* Release */,
			);
			defaultConfigurationIsVisible = 0;
			defaultConfigurationName = Release;
		};
/* End XCConfigurationList section */
	};
	rootObject = AF8318C520C50DE700539567 /* Project object */;
}
